# THIS IS AN AUTOGENERATED FILE. DO NOT EDIT THIS FILE DIRECTLY.
# yarn lockfile v1


"@no-day/fp-ts-lcg@^1.0.0-rc.2":
  version "1.0.0-rc.2"
  resolved "https://registry.yarnpkg.com/@no-day/fp-ts-lcg/-/fp-ts-lcg-1.0.0-rc.2.tgz#5589d9f3dc4042b1d2d81b3aa0b3053a9b3b2dd4"
  integrity sha512-lWMKxebznBmJBpFk03wXovbwB95zMXos1uC+4W1wCV3pDFzMGiSBivqtZmB2vF/2ofXCsJXMuowVMRA+1DVG3g==

fp-ts@^2.9.5:
  version "2.9.5"
  resolved "https://registry.yarnpkg.com/fp-ts/-/fp-ts-2.9.5.tgz#6690cd8b76b84214a38fc77cbbbd04a38f86ea90"
  integrity sha512-MiHrA5teO6t8zKArE3DdMPT/Db6v2GUt5yfWnhBTrrsVfeCJUUnV6sgFvjGNBKDmEMqVwRFkEePL7wPwqrLKKA==
